
Microsoft Visual Studio Solution File, Format Version 12.00
# Visual Studio Version 17
VisualStudioVersion = 17.0.32112.339
MinimumVisualStudioVersion = 10.0.40219.1
Project("{9A19103F-16F7-4668-BE54-9A1E7A4F7556}") = "CryptoContracts", "CryptoBLL\CryptoContracts.csproj", "{9EA5007B-AC72-473F-BA65-C37ACB45C660}"
EndProject
Project("{9A19103F-16F7-4668-BE54-9A1E7A4F7556}") = "CryptoBLL", "CryptoContracts\CryptoBLL.csproj", "{22495AA2-EA87-4237-94EC-57F85CE351B9}"
EndProject
Project("{FAE04EC0-301F-11D3-BF4B-00C04F79EFBC}") = "CryptoWPF", "CryptoWPF\CryptoWPF.csproj", "{124F161A-1AC5-4028-8929-1EF9A51316A8}"
EndProject
Global
	GlobalSection(SolutionConfigurationPlatforms) = preSolution
		Debug|Any CPU = Debug|Any CPU
		Release|Any CPU = Release|Any CPU
	EndGlobalSection
	GlobalSection(ProjectConfigurationPlatforms) = postSolution
		{9EA5007B-AC72-473F-BA65-C37ACB45C660}.Debug|Any CPU.ActiveCfg = Debug|Any CPU
		{9EA5007B-AC72-473F-BA65-C37ACB45C660}.Debug|Any CPU.Build.0 = Debug|Any CPU
		{9EA5007B-AC72-473F-BA65-C37ACB45C660}.Release|Any CPU.ActiveCfg = Release|Any CPU
		{9EA5007B-AC72-473F-BA65-C37ACB45C660}.Release|Any CPU.Build.0 = Release|Any CPU
		{22495AA2-EA87-4237-94EC-57F85CE351B9}.Debug|Any CPU.ActiveCfg = Debug|Any CPU
		{22495AA2-EA87-4237-94EC-57F85CE351B9}.Debug|Any CPU.Build.0 = Debug|Any CPU
		{22495AA2-EA87-4237-94EC-57F85CE351B9}.Release|Any CPU.ActiveCfg = Release|Any CPU
		{22495AA2-EA87-4237-94EC-57F85CE351B9}.Release|Any CPU.Build.0 = Release|Any CPU
		{124F161A-1AC5-4028-8929-1EF9A51316A8}.Debug|Any CPU.ActiveCfg = Debug|Any CPU
		{124F161A-1AC5-4028-8929-1EF9A51316A8}.Debug|Any CPU.Build.0 = Debug|Any CPU
		{124F161A-1AC5-4028-8929-1EF9A51316A8}.Release|Any CPU.ActiveCfg = Release|Any CPU
		{124F161A-1AC5-4028-8929-1EF9A51316A8}.Release|Any CPU.Build.0 = Release|Any CPU
	EndGlobalSection
	GlobalSection(SolutionProperties) = preSolution
		HideSolutionNode = FALSE
	EndGlobalSection
	GlobalSection(ExtensibilityGlobals) = postSolution
		SolutionGuid = {C53A180F-DEE0-40C1-A16C-067042645016}
	EndGlobalSection
EndGlobal
